
Microsoft Visual Studio Solution File, Format Version 12.00
# Visual Studio 15
VisualStudioVersion = 15.0.27703.2000
MinimumVisualStudioVersion = 10.0.40219.1
Project("{FAE04EC0-301F-11D3-BF4B-00C04F79EFBC}") = "Onmytrainer2", "Onmytrainer2\Onmytrainer2.csproj", "{5EF41331-FA0B-4B5F-BE6C-5574B32C3985}"
EndProject
Global
	GlobalSection(SolutionConfigurationPlatforms) = preSolution
		Debug|Any CPU = Debug|Any CPU
		Release|Any CPU = Release|Any CPU
	EndGlobalSection
	GlobalSection(ProjectConfigurationPlatforms) = postSolution
		{5EF41331-FA0B-4B5F-BE6C-5574B32C3985}.Debug|Any CPU.ActiveCfg = Debug|Any CPU
		{5EF41331-FA0B-4B5F-BE6C-5574B32C3985}.Debug|Any CPU.Build.0 = Debug|Any CPU
		{5EF41331-FA0B-4B5F-BE6C-5574B32C3985}.Release|Any CPU.ActiveCfg = Release|Any CPU
		{5EF41331-FA0B-4B5F-BE6C-5574B32C3985}.Release|Any CPU.Build.0 = Release|Any CPU
	EndGlobalSection
	GlobalSection(SolutionProperties) = preSolution
		HideSolutionNode = FALSE
	EndGlobalSection
	GlobalSection(ExtensibilityGlobals) = postSolution
		SolutionGuid = {6C54788C-1B74-422B-B02A-6E8FE1E4E11D}
	EndGlobalSection
EndGlobal
